
Microsoft Visual Studio Solution File, Format Version 12.00
# Visual Studio Version 16
VisualStudioVersion = 16.0.30523.141
MinimumVisualStudioVersion = 10.0.40219.1
Project("{FAE04EC0-301F-11D3-BF4B-00C04F79EFBC}") = "Primeirosexercícios", "Primeirosexercícios\Primeirosexercícios.csproj", "{6861BC1D-F72A-41DD-AB8C-5A8650C12773}"
EndProject
Global
	GlobalSection(SolutionConfigurationPlatforms) = preSolution
		Debug|Any CPU = Debug|Any CPU
		Release|Any CPU = Release|Any CPU
	EndGlobalSection
	GlobalSection(ProjectConfigurationPlatforms) = postSolution
		{6861BC1D-F72A-41DD-AB8C-5A8650C12773}.Debug|Any CPU.ActiveCfg = Debug|Any CPU
		{6861BC1D-F72A-41DD-AB8C-5A8650C12773}.Debug|Any CPU.Build.0 = Debug|Any CPU
		{6861BC1D-F72A-41DD-AB8C-5A8650C12773}.Release|Any CPU.ActiveCfg = Release|Any CPU
		{6861BC1D-F72A-41DD-AB8C-5A8650C12773}.Release|Any CPU.Build.0 = Release|Any CPU
	EndGlobalSection
	GlobalSection(SolutionProperties) = preSolution
		HideSolutionNode = FALSE
	EndGlobalSection
	GlobalSection(ExtensibilityGlobals) = postSolution
		SolutionGuid = {A57C30F7-AF20-406E-B663-518FC0C2D082}
	EndGlobalSection
EndGlobal
